
Microsoft Visual Studio Solution File, Format Version 12.00
# Visual Studio 15
Project("{FAE04EC0-301F-11D3-BF4B-00C04F79EFBC}") = "TemplateMProj", "TemplateMProj\TemplateMProj.csproj", "{80FADBB7-015E-4409-B881-EC4A168FFC5F}"
EndProject
Project("{FAE04EC0-301F-11D3-BF4B-00C04F79EFBC}") = "DictionaryMProj", "DictionaryMProj\DictionaryMProj.csproj", "{1D5BA27C-0524-4B0C-9228-41BEA0227895}"
EndProject
Project("{FAE04EC0-301F-11D3-BF4B-00C04F79EFBC}") = "FileIO1MProj", "FileIO1MProj\FileIO1MProj.csproj", "{50A55180-BE79-4CC4-97EF-AB84DE53CA2A}"
EndProject
Project("{FAE04EC0-301F-11D3-BF4B-00C04F79EFBC}") = "LINQMProj", "LINQMProj\LINQMProj.csproj", "{FAC5E301-3614-479F-88A2-6D680737DE49}"
EndProject
Project("{FAE04EC0-301F-11D3-BF4B-00C04F79EFBC}") = "MagicEightBallMProj", "MagicEightBallMProj\MagicEightBallMProj.csproj", "{D7AC85C8-83CF-441D-92DC-1616621414FA}"
EndProject
Project("{FAE04EC0-301F-11D3-BF4B-00C04F79EFBC}") = "NumberGuessingMProj", "NumberGuessingMProj\NumberGuessingMProj.csproj", "{CF3408BC-1270-40A9-A5B7-4FA47D2E964D}"
EndProject
Project("{FAE04EC0-301F-11D3-BF4B-00C04F79EFBC}") = "FileIO2MProj", "FileIO2MProj\FileIO2MProj.csproj", "{4F6CB562-50AA-4606-816F-28BBF3CBCA08}"
EndProject
Project("{FAE04EC0-301F-11D3-BF4B-00C04F79EFBC}") = "FileIO3MProj", "FileIO3MProj\FileIO3MProj.csproj", "{7988D318-ADB5-4280-88F9-3FD1E2F45DA2}"
EndProject
Project("{FAE04EC0-301F-11D3-BF4B-00C04F79EFBC}") = "RockPaperScissorsMProj", "RockPaperScissorsMProj\RockPaperScissorsMProj.csproj", "{3543BFB3-C28B-4ACB-8AA4-C0252130AA7F}"
EndProject
Project("{FAE04EC0-301F-11D3-BF4B-00C04F79EFBC}") = "RockPaperScissorsRMProj", "RockPaperScissorsRMProj\RockPaperScissorsRMProj.csproj", "{B0656F8F-9E42-411E-BCC1-C17D9EEF202C}"
EndProject
Project("{FAE04EC0-301F-11D3-BF4B-00C04F79EFBC}") = "PolymorphismMProj", "PolymorphismMProj\PolymorphismMProj.csproj", "{05DF9BA7-3EFA-401C-9E57-372520E8616B}"
EndProject
Project("{FAE04EC0-301F-11D3-BF4B-00C04F79EFBC}") = "InheritanceMProj", "InheritanceMProj\InheritanceMProj.csproj", "{143DA4F0-06CC-4776-B6C5-A6FE204CBA6D}"
EndProject
Project("{FAE04EC0-301F-11D3-BF4B-00C04F79EFBC}") = "QuickSortMProj", "QuickSortMProj\QuickSortMProj.csproj", "{1D77C2BF-CFCF-4442-975B-8CC7E840EC18}"
EndProject
Project("{FAE04EC0-301F-11D3-BF4B-00C04F79EFBC}") = "SerializeMProj", "SerializeMProj\SerializeMProj.csproj", "{A6FB6F0C-0AD2-43F5-A7AE-EB4AF5838EBA}"
EndProject
Project("{FAE04EC0-301F-11D3-BF4B-00C04F79EFBC}") = "StringBuilderMProj", "StringBuilderMProj\StringBuilderMProj.csproj", "{7C10D034-2D71-4F92-B9DF-AD3BAF8080A5}"
EndProject
Project("{FAE04EC0-301F-11D3-BF4B-00C04F79EFBC}") = "ArrayListMProj", "ArrayListMProj\ArrayListMProj.csproj", "{855D1BAD-BD3D-405D-98F7-AC48029DBB56}"
EndProject
Project("{FAE04EC0-301F-11D3-BF4B-00C04F79EFBC}") = "LinkedListMProj", "LinkedListMProj\LinkedListMProj.csproj", "{9DBBDEF3-45F2-4117-A94F-7FA5193555CC}"
EndProject
Project("{FAE04EC0-301F-11D3-BF4B-00C04F79EFBC}") = "TryParseMProj", "TryParseMProj\TryParseMProj.csproj", "{FFFEAF4C-AA2E-4CBD-85CA-2A80857BC51D}"
EndProject
Project("{FAE04EC0-301F-11D3-BF4B-00C04F79EFBC}") = "StackMProj", "StackMProj\StackMProj.csproj", "{D02225D0-ED4C-4A9B-A749-FF74D94AB4C9}"
EndProject
Project("{FAE04EC0-301F-11D3-BF4B-00C04F79EFBC}") = "QueueMProj", "QueueMProj\QueueMProj.csproj", "{E8C1E943-9FA9-4418-AF72-8E8D6630019C}"
EndProject
Project("{FAE04EC0-301F-11D3-BF4B-00C04F79EFBC}") = "BitManipulationMProj", "BitManipulationMProj\BitManipulationMProj.csproj", "{CBC745A2-4A05-4B6C-8BD9-5D1268948E7B}"
EndProject
Project("{FAE04EC0-301F-11D3-BF4B-00C04F79EFBC}") = "RecursiveFactorialMProj", "RecursiveFactorialMProj\RecursiveFactorialMProj.csproj", "{69FCADCD-D393-445F-95C6-EAFE63C0256B}"
EndProject
Project("{FAE04EC0-301F-11D3-BF4B-00C04F79EFBC}") = "ThreadMProj", "ThreadMProj\ThreadMProj.csproj", "{E782C7D0-C956-4AC0-AE92-F80424FE3015}"
EndProject
Project("{FAE04EC0-301F-11D3-BF4B-00C04F79EFBC}") = "EventMProj", "EventMProj\EventMProj.csproj", "{ADDC9A26-75F0-4AE8-9FA5-95B9B14A2E54}"
EndProject
Project("{FAE04EC0-301F-11D3-BF4B-00C04F79EFBC}") = "InterfaceMProj", "InterfaceMProj\InterfaceMProj.csproj", "{327F2E03-C74C-4115-82BB-F9DBF0DCCA92}"
EndProject
Project("{FAE04EC0-301F-11D3-BF4B-00C04F79EFBC}") = "DelegateMProj", "DelegateMProj\DelegateMProj.csproj", "{7E991BA7-F710-483B-BABF-883C6434FFD0}"
EndProject
Project("{FAE04EC0-301F-11D3-BF4B-00C04F79EFBC}") = "EncryptDecryptMProj", "EncryptDecryptMProj\EncryptDecryptMProj.csproj", "{5AF3A1FE-ADCB-4988-B328-A4186CD18E2E}"
EndProject
Project("{FAE04EC0-301F-11D3-BF4B-00C04F79EFBC}") = "SubstringMProj", "SubstringMProj\SubstringMProj.csproj", "{6DBC819B-EDC9-4E1B-B7B8-82351043EEE3}"
EndProject
Global
	GlobalSection(SolutionConfigurationPlatforms) = preSolution
		Debug|Any CPU = Debug|Any CPU
		Release|Any CPU = Release|Any CPU
	EndGlobalSection
	GlobalSection(ProjectConfigurationPlatforms) = postSolution
		{80FADBB7-015E-4409-B881-EC4A168FFC5F}.Debug|Any CPU.ActiveCfg = Debug|Any CPU
		{80FADBB7-015E-4409-B881-EC4A168FFC5F}.Debug|Any CPU.Build.0 = Debug|Any CPU
		{80FADBB7-015E-4409-B881-EC4A168FFC5F}.Release|Any CPU.ActiveCfg = Release|Any CPU
		{80FADBB7-015E-4409-B881-EC4A168FFC5F}.Release|Any CPU.Build.0 = Release|Any CPU
		{1D5BA27C-0524-4B0C-9228-41BEA0227895}.Debug|Any CPU.ActiveCfg = Debug|Any CPU
		{1D5BA27C-0524-4B0C-9228-41BEA0227895}.Debug|Any CPU.Build.0 = Debug|Any CPU
		{1D5BA27C-0524-4B0C-9228-41BEA0227895}.Release|Any CPU.ActiveCfg = Release|Any CPU
		{1D5BA27C-0524-4B0C-9228-41BEA0227895}.Release|Any CPU.Build.0 = Release|Any CPU
		{50A55180-BE79-4CC4-97EF-AB84DE53CA2A}.Debug|Any CPU.ActiveCfg = Debug|Any CPU
		{50A55180-BE79-4CC4-97EF-AB84DE53CA2A}.Debug|Any CPU.Build.0 = Debug|Any CPU
		{50A55180-BE79-4CC4-97EF-AB84DE53CA2A}.Release|Any CPU.ActiveCfg = Release|Any CPU
		{50A55180-BE79-4CC4-97EF-AB84DE53CA2A}.Release|Any CPU.Build.0 = Release|Any CPU
		{FAC5E301-3614-479F-88A2-6D680737DE49}.Debug|Any CPU.ActiveCfg = Debug|Any CPU
		{FAC5E301-3614-479F-88A2-6D680737DE49}.Debug|Any CPU.Build.0 = Debug|Any CPU
		{FAC5E301-3614-479F-88A2-6D680737DE49}.Release|Any CPU.ActiveCfg = Release|Any CPU
		{FAC5E301-3614-479F-88A2-6D680737DE49}.Release|Any CPU.Build.0 = Release|Any CPU
		{D7AC85C8-83CF-441D-92DC-1616621414FA}.Debug|Any CPU.ActiveCfg = Debug|Any CPU
		{D7AC85C8-83CF-441D-92DC-1616621414FA}.Debug|Any CPU.Build.0 = Debug|Any CPU
		{D7AC85C8-83CF-441D-92DC-1616621414FA}.Release|Any CPU.ActiveCfg = Release|Any CPU
		{D7AC85C8-83CF-441D-92DC-1616621414FA}.Release|Any CPU.Build.0 = Release|Any CPU
		{CF3408BC-1270-40A9-A5B7-4FA47D2E964D}.Debug|Any CPU.ActiveCfg = Debug|Any CPU
		{CF3408BC-1270-40A9-A5B7-4FA47D2E964D}.Debug|Any CPU.Build.0 = Debug|Any CPU
		{CF3408BC-1270-40A9-A5B7-4FA47D2E964D}.Release|Any CPU.ActiveCfg = Release|Any CPU
		{CF3408BC-1270-40A9-A5B7-4FA47D2E964D}.Release|Any CPU.Build.0 = Release|Any CPU
		{4F6CB562-50AA-4606-816F-28BBF3CBCA08}.Debug|Any CPU.ActiveCfg = Debug|Any CPU
		{4F6CB562-50AA-4606-816F-28BBF3CBCA08}.Debug|Any CPU.Build.0 = Debug|Any CPU
		{4F6CB562-50AA-4606-816F-28BBF3CBCA08}.Release|Any CPU.ActiveCfg = Release|Any CPU
		{4F6CB562-50AA-4606-816F-28BBF3CBCA08}.Release|Any CPU.Build.0 = Release|Any CPU
		{7988D318-ADB5-4280-88F9-3FD1E2F45DA2}.Debug|Any CPU.ActiveCfg = Debug|Any CPU
		{7988D318-ADB5-4280-88F9-3FD1E2F45DA2}.Debug|Any CPU.Build.0 = Debug|Any CPU
		{7988D318-ADB5-4280-88F9-3FD1E2F45DA2}.Release|Any CPU.ActiveCfg = Release|Any CPU
		{7988D318-ADB5-4280-88F9-3FD1E2F45DA2}.Release|Any CPU.Build.0 = Release|Any CPU
		{3543BFB3-C28B-4ACB-8AA4-C0252130AA7F}.Debug|Any CPU.ActiveCfg = Debug|Any CPU
		{3543BFB3-C28B-4ACB-8AA4-C0252130AA7F}.Debug|Any CPU.Build.0 = Debug|Any CPU
		{3543BFB3-C28B-4ACB-8AA4-C0252130AA7F}.Release|Any CPU.ActiveCfg = Release|Any CPU
		{3543BFB3-C28B-4ACB-8AA4-C0252130AA7F}.Release|Any CPU.Build.0 = Release|Any CPU
		{B0656F8F-9E42-411E-BCC1-C17D9EEF202C}.Debug|Any CPU.ActiveCfg = Debug|Any CPU
		{B0656F8F-9E42-411E-BCC1-C17D9EEF202C}.Debug|Any CPU.Build.0 = Debug|Any CPU
		{B0656F8F-9E42-411E-BCC1-C17D9EEF202C}.Release|Any CPU.ActiveCfg = Release|Any CPU
		{B0656F8F-9E42-411E-BCC1-C17D9EEF202C}.Release|Any CPU.Build.0 = Release|Any CPU
		{05DF9BA7-3EFA-401C-9E57-372520E8616B}.Debug|Any CPU.ActiveCfg = Debug|Any CPU
		{05DF9BA7-3EFA-401C-9E57-372520E8616B}.Debug|Any CPU.Build.0 = Debug|Any CPU
		{05DF9BA7-3EFA-401C-9E57-372520E8616B}.Release|Any CPU.ActiveCfg = Release|Any CPU
		{05DF9BA7-3EFA-401C-9E57-372520E8616B}.Release|Any CPU.Build.0 = Release|Any CPU
		{143DA4F0-06CC-4776-B6C5-A6FE204CBA6D}.Debug|Any CPU.ActiveCfg = Debug|Any CPU
		{143DA4F0-06CC-4776-B6C5-A6FE204CBA6D}.Debug|Any CPU.Build.0 = Debug|Any CPU
		{143DA4F0-06CC-4776-B6C5-A6FE204CBA6D}.Release|Any CPU.ActiveCfg = Release|Any CPU
		{143DA4F0-06CC-4776-B6C5-A6FE204CBA6D}.Release|Any CPU.Build.0 = Release|Any CPU
		{1D77C2BF-CFCF-4442-975B-8CC7E840EC18}.Debug|Any CPU.ActiveCfg = Debug|Any CPU
		{1D77C2BF-CFCF-4442-975B-8CC7E840EC18}.Debug|Any CPU.Build.0 = Debug|Any CPU
		{1D77C2BF-CFCF-4442-975B-8CC7E840EC18}.Release|Any CPU.ActiveCfg = Release|Any CPU
		{1D77C2BF-CFCF-4442-975B-8CC7E840EC18}.Release|Any CPU.Build.0 = Release|Any CPU
		{A6FB6F0C-0AD2-43F5-A7AE-EB4AF5838EBA}.Debug|Any CPU.ActiveCfg = Debug|Any CPU
		{A6FB6F0C-0AD2-43F5-A7AE-EB4AF5838EBA}.Debug|Any CPU.Build.0 = Debug|Any CPU
		{A6FB6F0C-0AD2-43F5-A7AE-EB4AF5838EBA}.Release|Any CPU.ActiveCfg = Release|Any CPU
		{A6FB6F0C-0AD2-43F5-A7AE-EB4AF5838EBA}.Release|Any CPU.Build.0 = Release|Any CPU
		{7C10D034-2D71-4F92-B9DF-AD3BAF8080A5}.Debug|Any CPU.ActiveCfg = Debug|Any CPU
		{7C10D034-2D71-4F92-B9DF-AD3BAF8080A5}.Debug|Any CPU.Build.0 = Debug|Any CPU
		{7C10D034-2D71-4F92-B9DF-AD3BAF8080A5}.Release|Any CPU.ActiveCfg = Release|Any CPU
		{7C10D034-2D71-4F92-B9DF-AD3BAF8080A5}.Release|Any CPU.Build.0 = Release|Any CPU
		{855D1BAD-BD3D-405D-98F7-AC48029DBB56}.Debug|Any CPU.ActiveCfg = Debug|Any CPU
		{855D1BAD-BD3D-405D-98F7-AC48029DBB56}.Debug|Any CPU.Build.0 = Debug|Any CPU
		{855D1BAD-BD3D-405D-98F7-AC48029DBB56}.Release|Any CPU.ActiveCfg = Release|Any CPU
		{855D1BAD-BD3D-405D-98F7-AC48029DBB56}.Release|Any CPU.Build.0 = Release|Any CPU
		{9DBBDEF3-45F2-4117-A94F-7FA5193555CC}.Debug|Any CPU.ActiveCfg = Debug|Any CPU
		{9DBBDEF3-45F2-4117-A94F-7FA5193555CC}.Debug|Any CPU.Build.0 = Debug|Any CPU
		{9DBBDEF3-45F2-4117-A94F-7FA5193555CC}.Release|Any CPU.ActiveCfg = Release|Any CPU
		{9DBBDEF3-45F2-4117-A94F-7FA5193555CC}.Release|Any CPU.Build.0 = Release|Any CPU
		{FFFEAF4C-AA2E-4CBD-85CA-2A80857BC51D}.Debug|Any CPU.ActiveCfg = Debug|Any CPU
		{FFFEAF4C-AA2E-4CBD-85CA-2A80857BC51D}.Debug|Any CPU.Build.0 = Debug|Any CPU
		{FFFEAF4C-AA2E-4CBD-85CA-2A80857BC51D}.Release|Any CPU.ActiveCfg = Release|Any CPU
		{FFFEAF4C-AA2E-4CBD-85CA-2A80857BC51D}.Release|Any CPU.Build.0 = Release|Any CPU
		{D02225D0-ED4C-4A9B-A749-FF74D94AB4C9}.Debug|Any CPU.ActiveCfg = Debug|Any CPU
		{D02225D0-ED4C-4A9B-A749-FF74D94AB4C9}.Debug|Any CPU.Build.0 = Debug|Any CPU
		{D02225D0-ED4C-4A9B-A749-FF74D94AB4C9}.Release|Any CPU.ActiveCfg = Release|Any CPU
		{D02225D0-ED4C-4A9B-A749-FF74D94AB4C9}.Release|Any CPU.Build.0 = Release|Any CPU
		{E8C1E943-9FA9-4418-AF72-8E8D6630019C}.Debug|Any CPU.ActiveCfg = Debug|Any CPU
		{E8C1E943-9FA9-4418-AF72-8E8D6630019C}.Debug|Any CPU.Build.0 = Debug|Any CPU
		{E8C1E943-9FA9-4418-AF72-8E8D6630019C}.Release|Any CPU.ActiveCfg = Release|Any CPU
		{E8C1E943-9FA9-4418-AF72-8E8D6630019C}.Release|Any CPU.Build.0 = Release|Any CPU
		{CBC745A2-4A05-4B6C-8BD9-5D1268948E7B}.Debug|Any CPU.ActiveCfg = Debug|Any CPU
		{CBC745A2-4A05-4B6C-8BD9-5D1268948E7B}.Debug|Any CPU.Build.0 = Debug|Any CPU
		{CBC745A2-4A05-4B6C-8BD9-5D1268948E7B}.Release|Any CPU.ActiveCfg = Release|Any CPU
		{CBC745A2-4A05-4B6C-8BD9-5D1268948E7B}.Release|Any CPU.Build.0 = Release|Any CPU
		{69FCADCD-D393-445F-95C6-EAFE63C0256B}.Debug|Any CPU.ActiveCfg = Debug|Any CPU
		{69FCADCD-D393-445F-95C6-EAFE63C0256B}.Debug|Any CPU.Build.0 = Debug|Any CPU
		{69FCADCD-D393-445F-95C6-EAFE63C0256B}.Release|Any CPU.ActiveCfg = Release|Any CPU
		{69FCADCD-D393-445F-95C6-EAFE63C0256B}.Release|Any CPU.Build.0 = Release|Any CPU
		{E782C7D0-C956-4AC0-AE92-F80424FE3015}.Debug|Any CPU.ActiveCfg = Debug|Any CPU
		{E782C7D0-C956-4AC0-AE92-F80424FE3015}.Debug|Any CPU.Build.0 = Debug|Any CPU
		{E782C7D0-C956-4AC0-AE92-F80424FE3015}.Release|Any CPU.ActiveCfg = Release|Any CPU
		{E782C7D0-C956-4AC0-AE92-F80424FE3015}.Release|Any CPU.Build.0 = Release|Any CPU
		{ADDC9A26-75F0-4AE8-9FA5-95B9B14A2E54}.Debug|Any CPU.ActiveCfg = Debug|Any CPU
		{ADDC9A26-75F0-4AE8-9FA5-95B9B14A2E54}.Debug|Any CPU.Build.0 = Debug|Any CPU
		{ADDC9A26-75F0-4AE8-9FA5-95B9B14A2E54}.Release|Any CPU.ActiveCfg = Release|Any CPU
		{ADDC9A26-75F0-4AE8-9FA5-95B9B14A2E54}.Release|Any CPU.Build.0 = Release|Any CPU
		{327F2E03-C74C-4115-82BB-F9DBF0DCCA92}.Debug|Any CPU.ActiveCfg = Debug|Any CPU
		{327F2E03-C74C-4115-82BB-F9DBF0DCCA92}.Debug|Any CPU.Build.0 = Debug|Any CPU
		{327F2E03-C74C-4115-82BB-F9DBF0DCCA92}.Release|Any CPU.ActiveCfg = Release|Any CPU
		{327F2E03-C74C-4115-82BB-F9DBF0DCCA92}.Release|Any CPU.Build.0 = Release|Any CPU
		{7E991BA7-F710-483B-BABF-883C6434FFD0}.Debug|Any CPU.ActiveCfg = Debug|Any CPU
		{7E991BA7-F710-483B-BABF-883C6434FFD0}.Debug|Any CPU.Build.0 = Debug|Any CPU
		{7E991BA7-F710-483B-BABF-883C6434FFD0}.Release|Any CPU.ActiveCfg = Release|Any CPU
		{7E991BA7-F710-483B-BABF-883C6434FFD0}.Release|Any CPU.Build.0 = Release|Any CPU
		{5AF3A1FE-ADCB-4988-B328-A4186CD18E2E}.Debug|Any CPU.ActiveCfg = Debug|Any CPU
		{5AF3A1FE-ADCB-4988-B328-A4186CD18E2E}.Debug|Any CPU.Build.0 = Debug|Any CPU
		{5AF3A1FE-ADCB-4988-B328-A4186CD18E2E}.Release|Any CPU.ActiveCfg = Release|Any CPU
		{5AF3A1FE-ADCB-4988-B328-A4186CD18E2E}.Release|Any CPU.Build.0 = Release|Any CPU
		{6DBC819B-EDC9-4E1B-B7B8-82351043EEE3}.Debug|Any CPU.ActiveCfg = Debug|Any CPU
		{6DBC819B-EDC9-4E1B-B7B8-82351043EEE3}.Debug|Any CPU.Build.0 = Debug|Any CPU
		{6DBC819B-EDC9-4E1B-B7B8-82351043EEE3}.Release|Any CPU.ActiveCfg = Release|Any CPU
		{6DBC819B-EDC9-4E1B-B7B8-82351043EEE3}.Release|Any CPU.Build.0 = Release|Any CPU
	EndGlobalSection
EndGlobal
